// !$*UTF8*$!
{
	archiveVersion = 1;
	classes = {
	};
	objectVersion = 46;
	objects = {

/* Begin PBXBuildFile section */
		AC68DA8C19C3E5C1003CD5E9 /* NextViewController.m in Sources */ = {isa = PBXBuildFile; fileRef = AC68DA8B19C3E5C1003CD5E9 /* NextViewController.m */; };
		AC68DA8F19C3E919003CD5E9 /* TransitionManager.m in Sources */ = {isa = PBXBuildFile; fileRef = AC68DA8E19C3E919003CD5E9 /* TransitionManager.m */; };
		AC6F1B5E19C287C900B08562 /* Foundation.framework in Frameworks */ = {isa = PBXBuildFile; fileRef = AC6F1B5D19C287C900B08562 /* Foundation.framework */; };
		AC6F1B6019C287C900B08562 /* CoreGraphics.framework in Frameworks */ = {isa = PBXBuildFile; fileRef = AC6F1B5F19C287C900B08562 /* CoreGraphics.framework */; };
		AC6F1B6219C287C900B08562 /* UIKit.framework in Frameworks */ = {isa = PBXBuildFile; fileRef = AC6F1B6119C287C900B08562 /* UIKit.framework */; };
		AC6F1B6819C287C900B08562 /* InfoPlist.strings in Resources */ = {isa = PBXBuildFile; fileRef = AC6F1B6619C287C900B08562 /* InfoPlist.strings */; };
		AC6F1B6A19C287C900B08562 /* main.m in Sources */ = {isa = PBXBuildFile; fileRef = AC6F1B6919C287C900B08562 /* main.m */; };
		AC6F1B6E19C287C900B08562 /* AppDelegate.m in Sources */ = {isa = PBXBuildFile; fileRef = AC6F1B6D19C287C900B08562 /* AppDelegate.m */; };
		AC6F1B7119C287C900B08562 /* Main.storyboard in Resources */ = {isa = PBXBuildFile; fileRef = AC6F1B6F19C287C900B08562 /* Main.storyboard */; };
		AC6F1B7419C287C900B08562 /* ViewController.m in Sources */ = {isa = PBXBuildFile; fileRef = AC6F1B7319C287C900B08562 /* ViewController.m */; };
		AC6F1B7619C287C900B08562 /* Images.xcassets in Resources */ = {isa = PBXBuildFile; fileRef = AC6F1B7519C287C900B08562 /* Images.xcassets */; };
		AC6F1B7D19C287C900B08562 /* XCTest.framework in Frameworks */ = {isa = PBXBuildFile; fileRef = AC6F1B7C19C287C900B08562 /* XCTest.framework */; };
		AC6F1B7E19C287C900B08562 /* Foundation.framework in Frameworks */ = {isa = PBXBuildFile; fileRef = AC6F1B5D19C287C900B08562 /* Foundation.framework */; };
		AC6F1B7F19C287C900B08562 /* UIKit.framework in Frameworks */ = {isa = PBXBuildFile; fileRef = AC6F1B6119C287C900B08562 /* UIKit.framework */; };
		AC6F1B8719C287C900B08562 /* InfoPlist.strings in Resources */ = {isa = PBXBuildFile; fileRef = AC6F1B8519C287C900B08562 /* InfoPlist.strings */; };
		AC6F1B8919C287C900B08562 /* iosanimaTests.m in Sources */ = {isa = PBXBuildFile; fileRef = AC6F1B8819C287C900B08562 /* iosanimaTests.m */; };
/* End PBXBuildFile section */

/* Begin PBXContainerItemProxy section */
		AC6F1B8019C287C900B08562 /* PBXContainerItemProxy */ = {
			isa = PBXContainerItemProxy;
			containerPortal = AC6F1B5219C287C900B08562 /* Project object */;
			proxyType = 1;
			remoteGlobalIDString = AC6F1B5919C287C900B08562;
			remoteInfo = iosanima;
		};
/* End PBXContainerItemProxy section */

/* Begin PBXFileReference section */
		AC68DA8A19C3E5C1003CD5E9 /* NextViewController.h */ = {isa = PBXFileReference; fileEncoding = 4; lastKnownFileType = sourcecode.c.h; path = NextViewController.h; sourceTree = "<group>"; };
		AC68DA8B19C3E5C1003CD5E9 /* NextViewController.m */ = {isa = PBXFileReference; fileEncoding = 4; lastKnownFileType = sourcecode.c.objc; path = NextViewController.m; sourceTree = "<group>"; };
		AC68DA8D19C3E919003CD5E9 /* TransitionManager.h */ = {isa = PBXFileReference; fileEncoding = 4; lastKnownFileType = sourcecode.c.h; path = TransitionManager.h; sourceTree = "<group>"; };
		AC68DA8E19C3E919003CD5E9 /* TransitionManager.m */ = {isa = PBXFileReference; fileEncoding = 4; lastKnownFileType = sourcecode.c.objc; path = TransitionManager.m; sourceTree = "<group>"; };
		AC6F1B5A19C287C900B08562 /* iosanima.app */ = {isa = PBXFileReference; explicitFileType = wrapper.application; includeInIndex = 0; path = iosanima.app; sourceTree = BUILT_PRODUCTS_DIR; };
		AC6F1B5D19C287C900B08562 /* Foundation.framework */ = {isa = PBXFileReference; lastKnownFileType = wrapper.framework; name = Foundation.framework; path = System/Library/Frameworks/Foundation.framework; sourceTree = SDKROOT; };
		AC6F1B5F19C287C900B08562 /* CoreGraphics.framework */ = {isa = PBXFileReference; lastKnownFileType = wrapper.framework; name = CoreGraphics.framework; path = System/Library/Frameworks/CoreGraphics.framework; sourceTree = SDKROOT; };
		AC6F1B6119C287C900B08562 /* UIKit.framework */ = {isa = PBXFileReference; lastKnownFileType = wrapper.framework; name = UIKit.framework; path = System/Library/Frameworks/UIKit.framework; sourceTree = SDKROOT; };
		AC6F1B6519C287C900B08562 /* iosanima-Info.plist */ = {isa = PBXFileReference; lastKnownFileType = text.plist.xml; path = "iosanima-Info.plist"; sourceTree = "<group>"; };
		AC6F1B6719C287C900B08562 /* en */ = {isa = PBXFileReference; lastKnownFileType = text.plist.strings; name = en; path = en.lproj/InfoPlist.strings; sourceTree = "<group>"; };
		AC6F1B6919C287C900B08562 /* main.m */ = {isa = PBXFileReference; lastKnownFileType = sourcecode.c.objc; path = main.m; sourceTree = "<group>"; };
		AC6F1B6B19C287C900B08562 /* iosanima-Prefix.pch */ = {isa = PBXFileReference; lastKnownFileType = sourcecode.c.h; path = "iosanima-Prefix.pch"; sourceTree = "<group>"; };
		AC6F1B6C19C287C900B08562 /* AppDelegate.h */ = {isa = PBXFileReference; lastKnownFileType = sourcecode.c.h; path = AppDelegate.h; sourceTree = "<group>"; };
		AC6F1B6D19C287C900B08562 /* AppDelegate.m */ = {isa = PBXFileReference; lastKnownFileType = sourcecode.c.objc; path = AppDelegate.m; sourceTree = "<group>"; };
		AC6F1B7019C287C900B08562 /* Base */ = {isa = PBXFileReference; lastKnownFileType = file.storyboard; name = Base; path = Base.lproj/Main.storyboard; sourceTree = "<group>"; };
		AC6F1B7219C287C900B08562 /* ViewController.h */ = {isa = PBXFileReference; lastKnownFileType = sourcecode.c.h; path = ViewController.h; sourceTree = "<group>"; };
		AC6F1B7319C287C900B08562 /* ViewController.m */ = {isa = PBXFileReference; lastKnownFileType = sourcecode.c.objc; path = ViewController.m; sourceTree = "<group>"; };
		AC6F1B7519C287C900B08562 /* Images.xcassets */ = {isa = PBXFileReference; lastKnownFileType = folder.assetcatalog; path = Images.xcassets; sourceTree = "<group>"; };
		AC6F1B7B19C287C900B08562 /* iosanimaTests.xctest */ = {isa = PBXFileReference; explicitFileType = wrapper.cfbundle; includeInIndex = 0; path = iosanimaTests.xctest; sourceTree = BUILT_PRODUCTS_DIR; };
		AC6F1B7C19C287C900B08562 /* XCTest.framework */ = {isa = PBXFileReference; lastKnownFileType = wrapper.framework; name = XCTest.framework; path = Library/Frameworks/XCTest.framework; sourceTree = DEVELOPER_DIR; };
		AC6F1B8419C287C900B08562 /* iosanimaTests-Info.plist */ = {isa = PBXFileReference; lastKnownFileType = text.plist.xml; path = "iosanimaTests-Info.plist"; sourceTree = "<group>"; };
		AC6F1B8619C287C900B08562 /* en */ = {isa = PBXFileReference; lastKnownFileType = text.plist.strings; name = en; path = en.lproj/InfoPlist.strings; sourceTree = "<group>"; };
		AC6F1B8819C287C900B08562 /* iosanimaTests.m */ = {isa = PBXFileReference; lastKnownFileType = sourcecode.c.objc; path = iosanimaTests.m; sourceTree = "<group>"; };
/* End PBXFileReference section */

/* Begin PBXFrameworksBuildPhase section */
		AC6F1B5719C287C900B08562 /* Frameworks */ = {
			isa = PBXFrameworksBuildPhase;
			buildActionMask = 2147483647;
			files = (
				AC6F1B6019C287C900B08562 /* CoreGraphics.framework in Frameworks */,
				AC6F1B6219C287C900B08562 /* UIKit.framework in Frameworks */,
				AC6F1B5E19C287C900B08562 /* Foundation.framework in Frameworks */,
			);
			runOnlyForDeploymentPostprocessing = 0;
		};
		AC6F1B7819C287C900B08562 /* Frameworks */ = {
			isa = PBXFrameworksBuildPhase;
			buildActionMask = 2147483647;
			files = (
				AC6F1B7D19C287C900B08562 /* XCTest.framework in Frameworks */,
				AC6F1B7F19C287C900B08562 /* UIKit.framework in Frameworks */,
				AC6F1B7E19C287C900B08562 /* Foundation.framework in Frameworks */,
			);
			runOnlyForDeploymentPostprocessing = 0;
		};
/* End PBXFrameworksBuildPhase section */

/* Begin PBXGroup section */
		AC6F1B5119C287C900B08562 = {
			isa = PBXGroup;
			children = (
				AC6F1B6319C287C900B08562 /* iosanima */,
				AC6F1B8219C287C900B08562 /* iosanimaTests */,
				AC6F1B5C19C287C900B08562 /* Frameworks */,
				AC6F1B5B19C287C900B08562 /* Products */,
			);
			sourceTree = "<group>";
		};
		AC6F1B5B19C287C900B08562 /* Products */ = {
			isa = PBXGroup;
			children = (
				AC6F1B5A19C287C900B08562 /* iosanima.app */,
				AC6F1B7B19C287C900B08562 /* iosanimaTests.xctest */,
			);
			name = Products;
			sourceTree = "<group>";
		};
		AC6F1B5C19C287C900B08562 /* Frameworks */ = {
			isa = PBXGroup;
			children = (
				AC6F1B5D19C287C900B08562 /* Foundation.framework */,
				AC6F1B5F19C287C900B08562 /* CoreGraphics.framework */,
				AC6F1B6119C287C900B08562 /* UIKit.framework */,
				AC6F1B7C19C287C900B08562 /* XCTest.framework */,
			);
			name = Frameworks;
			sourceTree = "<group>";
		};
		AC6F1B6319C287C900B08562 /* iosanima */ = {
			isa = PBXGroup;
			children = (
				AC6F1B6C19C287C900B08562 /* AppDelegate.h */,
				AC6F1B6D19C287C900B08562 /* AppDelegate.m */,
				AC6F1B6F19C287C900B08562 /* Main.storyboard */,
				AC6F1B7219C287C900B08562 /* ViewController.h */,
				AC6F1B7319C287C900B08562 /* ViewController.m */,
				AC6F1B7519C287C900B08562 /* Images.xcassets */,
				AC6F1B6419C287C900B08562 /* Supporting Files */,
				AC68DA8A19C3E5C1003CD5E9 /* NextViewController.h */,
				AC68DA8B19C3E5C1003CD5E9 /* NextViewController.m */,
				AC68DA8D19C3E919003CD5E9 /* TransitionManager.h */,
				AC68DA8E19C3E919003CD5E9 /* TransitionManager.m */,
			);
			path = iosanima;
			sourceTree = "<group>";
		};
		AC6F1B6419C287C900B08562 /* Supporting Files */ = {
			isa = PBXGroup;
			children = (
				AC6F1B6519C287C900B08562 /* iosanima-Info.plist */,
				AC6F1B6619C287C900B08562 /* InfoPlist.strings */,
				AC6F1B6919C287C900B08562 /* main.m */,
				AC6F1B6B19C287C900B08562 /* iosanima-Prefix.pch */,
			);
			name = "Supporting Files";
			sourceTree = "<group>";
		};
		AC6F1B8219C287C900B08562 /* iosanimaTests */ = {
			isa = PBXGroup;
			children = (
				AC6F1B8819C287C900B08562 /* iosanimaTests.m */,
				AC6F1B8319C287C900B08562 /* Supporting Files */,
			);
			path = iosanimaTests;
			sourceTree = "<group>";
		};
		AC6F1B8319C287C900B08562 /* Supporting Files */ = {
			isa = PBXGroup;
			children = (
				AC6F1B8419C287C900B08562 /* iosanimaTests-Info.plist */,
				AC6F1B8519C287C900B08562 /* InfoPlist.strings */,
			);
			name = "Supporting Files";
			sourceTree = "<group>";
		};
/* End PBXGroup section */

/* Begin PBXNativeTarget section */
		AC6F1B5919C287C900B08562 /* iosanima */ = {
			isa = PBXNativeTarget;
			buildConfigurationList = AC6F1B8C19C287C900B08562 /* Build configuration list for PBXNativeTarget "iosanima" */;
			buildPhases = (
				AC6F1B5619C287C900B08562 /* Sources */,
				AC6F1B5719C287C900B08562 /* Frameworks */,
				AC6F1B5819C287C900B08562 /* Resources */,
			);
			buildRules = (
			);
			dependencies = (
			);
			name = iosanima;
			productName = iosanima;
			productReference = AC6F1B5A19C287C900B08562 /* iosanima.app */;
			productType = "com.apple.product-type.application";
		};
		AC6F1B7A19C287C900B08562 /* iosanimaTests */ = {
			isa = PBXNativeTarget;
			buildConfigurationList = AC6F1B8F19C287C900B08562 /* Build configuration list for PBXNativeTarget "iosanimaTests" */;
			buildPhases = (
				AC6F1B7719C287C900B08562 /* Sources */,
				AC6F1B7819C287C900B08562 /* Frameworks */,
				AC6F1B7919C287C900B08562 /* Resources */,
			);
			buildRules = (
			);
			dependencies = (
				AC6F1B8119C287C900B08562 /* PBXTargetDependency */,
			);
			name = iosanimaTests;
			productName = iosanimaTests;
			productReference = AC6F1B7B19C287C900B08562 /* iosanimaTests.xctest */;
			productType = "com.apple.product-type.bundle.unit-test";
		};
/* End PBXNativeTarget section */

/* Begin PBXProject section */
		AC6F1B5219C287C900B08562 /* Project object */ = {
			isa = PBXProject;
			attributes = {
				LastUpgradeCheck = 0510;
				ORGANIZATIONNAME = "Larry Kang";
				TargetAttributes = {
					AC6F1B7A19C287C900B08562 = {
						TestTargetID = AC6F1B5919C287C900B08562;
					};
				};
			};
			buildConfigurationList = AC6F1B5519C287C900B08562 /* Build configuration list for PBXProject "iosanima" */;
			compatibilityVersion = "Xcode 3.2";
			developmentRegion = English;
			hasScannedForEncodings = 0;
			knownRegions = (
				en,
				Base,
			);
			mainGroup = AC6F1B5119C287C900B08562;
			productRefGroup = AC6F1B5B19C287C900B08562 /* Products */;
			projectDirPath = "";
			projectRoot = "";
			targets = (
				AC6F1B5919C287C900B08562 /* iosanima */,
				AC6F1B7A19C287C900B08562 /* iosanimaTests */,
			);
		};
/* End PBXProject section */

/* Begin PBXResourcesBuildPhase section */
		AC6F1B5819C287C900B08562 /* Resources */ = {
			isa = PBXResourcesBuildPhase;
			buildActionMask = 2147483647;
			files = (
				AC6F1B7619C287C900B08562 /* Images.xcassets in Resources */,
				AC6F1B6819C287C900B08562 /* InfoPlist.strings in Resources */,
				AC6F1B7119C287C900B08562 /* Main.storyboard in Resources */,
			);
			runOnlyForDeploymentPostprocessing = 0;
		};
		AC6F1B7919C287C900B08562 /* Resources */ = {
			isa = PBXResourcesBuildPhase;
			buildActionMask = 2147483647;
			files = (
				AC6F1B8719C287C900B08562 /* InfoPlist.strings in Resources */,
			);
			runOnlyForDeploymentPostprocessing = 0;
		};
/* End PBXResourcesBuildPhase section */

/* Begin PBXSourcesBuildPhase section */
		AC6F1B5619C287C900B08562 /* Sources */ = {
			isa = PBXSourcesBuildPhase;
			buildActionMask = 2147483647;
			files = (
				AC6F1B7419C287C900B08562 /* ViewController.m in Sources */,
				AC68DA8C19C3E5C1003CD5E9 /* NextViewController.m in Sources */,
				AC6F1B6E19C287C900B08562 /* AppDelegate.m in Sources */,
				AC6F1B6A19C287C900B08562 /* main.m in Sources */,
				AC68DA8F19C3E919003CD5E9 /* TransitionManager.m in Sources */,
			);
			runOnlyForDeploymentPostprocessing = 0;
		};
		AC6F1B7719C287C900B08562 /* Sources */ = {
			isa = PBXSourcesBuildPhase;
			buildActionMask = 2147483647;
			files = (
				AC6F1B8919C287C900B08562 /* iosanimaTests.m in Sources */,
			);
			runOnlyForDeploymentPostprocessing = 0;
		};
/* End PBXSourcesBuildPhase section */

/* Begin PBXTargetDependency section */
		AC6F1B8119C287C900B08562 /* PBXTargetDependency */ = {
			isa = PBXTargetDependency;
			target = AC6F1B5919C287C900B08562 /* iosanima */;
			targetProxy = AC6F1B8019C287C900B08562 /* PBXContainerItemProxy */;
		};
/* End PBXTargetDependency section */

/* Begin PBXVariantGroup section */
		AC6F1B6619C287C900B08562 /* InfoPlist.strings */ = {
			isa = PBXVariantGroup;
			children = (
				AC6F1B6719C287C900B08562 /* en */,
			);
			name = InfoPlist.strings;
			sourceTree = "<group>";
		};
		AC6F1B6F19C287C900B08562 /* Main.storyboard */ = {
			isa = PBXVariantGroup;
			children = (
				AC6F1B7019C287C900B08562 /* Base */,
			);
			name = Main.storyboard;
			sourceTree = "<group>";
		};
		AC6F1B8519C287C900B08562 /* InfoPlist.strings */ = {
			isa = PBXVariantGroup;
			children = (
				AC6F1B8619C287C900B08562 /* en */,
			);
			name = InfoPlist.strings;
			sourceTree = "<group>";
		};
/* End PBXVariantGroup section */

/* Begin XCBuildConfiguration section */
		AC6F1B8A19C287C900B08562 /* Debug */ = {
			isa = XCBuildConfiguration;
			buildSettings = {
				ALWAYS_SEARCH_USER_PATHS = NO;
				CLANG_CXX_LANGUAGE_STANDARD = "gnu++0x";
				CLANG_CXX_LIBRARY = "libc++";
				CLANG_ENABLE_MODULES = YES;
				CLANG_ENABLE_OBJC_ARC = YES;
				CLANG_WARN_BOOL_CONVERSION = YES;
				CLANG_WARN_CONSTANT_CONVERSION = YES;
				CLANG_WARN_DIRECT_OBJC_ISA_USAGE = YES_ERROR;
				CLANG_WARN_EMPTY_BODY = YES;
				CLANG_WARN_ENUM_CONVERSION = YES;
				CLANG_WARN_INT_CONVERSION = YES;
				CLANG_WARN_OBJC_ROOT_CLASS = YES_ERROR;
				CLANG_WARN__DUPLICATE_METHOD_MATCH = YES;
				"CODE_SIGN_IDENTITY[sdk=iphoneos*]" = "iPhone Developer";
				COPY_PHASE_STRIP = NO;
				GCC_C_LANGUAGE_STANDARD = gnu99;
				GCC_DYNAMIC_NO_PIC = NO;
				GCC_OPTIMIZATION_LEVEL = 0;
				GCC_PREPROCESSOR_DEFINITIONS = (
					"DEBUG=1",
					"$(inherited)",
				);
				GCC_SYMBOLS_PRIVATE_EXTERN = NO;
				GCC_WARN_64_TO_32_BIT_CONVERSION = YES;
				GCC_WARN_ABOUT_RETURN_TYPE = YES_ERROR;
				GCC_WARN_UNDECLARED_SELECTOR = YES;
				GCC_WARN_UNINITIALIZED_AUTOS = YES_AGGRESSIVE;
				GCC_WARN_UNUSED_FUNCTION = YES;
				GCC_WARN_UNUSED_VARIABLE = YES;
				IPHONEOS_DEPLOYMENT_TARGET = 7.1;
				ONLY_ACTIVE_ARCH = YES;
				SDKROOT = iphoneos;
			};
			name = Debug;
		};
		AC6F1B8B19C287C900B08562 /* Release */ = {
			isa = XCBuildConfiguration;
			buildSettings = {
				ALWAYS_SEARCH_USER_PATHS = NO;
				CLANG_CXX_LANGUAGE_STANDARD = "gnu++0x";
				CLANG_CXX_LIBRARY = "libc++";
				CLANG_ENABLE_MODULES = YES;
				CLANG_ENABLE_OBJC_ARC = YES;
				CLANG_WARN_BOOL_CONVERSION = YES;
				CLANG_WARN_CONSTANT_CONVERSION = YES;
				CLANG_WARN_DIRECT_OBJC_ISA_USAGE = YES_ERROR;
				CLANG_WARN_EMPTY_BODY = YES;
				CLANG_WARN_ENUM_CONVERSION = YES;
				CLANG_WARN_INT_CONVERSION = YES;
				CLANG_WARN_OBJC_ROOT_CLASS = YES_ERROR;
				CLANG_WARN__DUPLICATE_METHOD_MATCH = YES;
				"CODE_SIGN_IDENTITY[sdk=iphoneos*]" = "iPhone Developer";
				COPY_PHASE_STRIP = YES;
				ENABLE_NS_ASSERTIONS = NO;
				GCC_C_LANGUAGE_STANDARD = gnu99;
				GCC_WARN_64_TO_32_BIT_CONVERSION = YES;
				GCC_WARN_ABOUT_RETURN_TYPE = YES_ERROR;
				GCC_WARN_UNDECLARED_SELECTOR = YES;
				GCC_WARN_UNINITIALIZED_AUTOS = YES_AGGRESSIVE;
				GCC_WARN_UNUSED_FUNCTION = YES;
				GCC_WARN_UNUSED_VARIABLE = YES;
				IPHONEOS_DEPLOYMENT_TARGET = 7.1;
				SDKROOT = iphoneos;
				VALIDATE_PRODUCT = YES;
			};
			name = Release;
		};
		AC6F1B8D19C287C900B08562 /* Debug */ = {
			isa = XCBuildConfiguration;
			buildSettings = {
				ASSETCATALOG_COMPILER_APPICON_NAME = AppIcon;
				ASSETCATALOG_COMPILER_LAUNCHIMAGE_NAME = LaunchImage;
				GCC_PRECOMPILE_PREFIX_HEADER = YES;
				GCC_PREFIX_HEADER = "iosanima/iosanima-Prefix.pch";
				INFOPLIST_FILE = "iosanima/iosanima-Info.plist";
				PRODUCT_NAME = "$(TARGET_NAME)";
				WRAPPER_EXTENSION = app;
			};
			name = Debug;
		};
		AC6F1B8E19C287C900B08562 /* Release */ = {
			isa = XCBuildConfiguration;
			buildSettings = {
				ASSETCATALOG_COMPILER_APPICON_NAME = AppIcon;
				ASSETCATALOG_COMPILER_LAUNCHIMAGE_NAME = LaunchImage;
				GCC_PRECOMPILE_PREFIX_HEADER = YES;
				GCC_PREFIX_HEADER = "iosanima/iosanima-Prefix.pch";
				INFOPLIST_FILE = "iosanima/iosanima-Info.plist";
				PRODUCT_NAME = "$(TARGET_NAME)";
				WRAPPER_EXTENSION = app;
			};
			name = Release;
		};
		AC6F1B9019C287C900B08562 /* Debug */ = {
			isa = XCBuildConfiguration;
			buildSettings = {
				BUNDLE_LOADER = "$(BUILT_PRODUCTS_DIR)/iosanima.app/iosanima";
				FRAMEWORK_SEARCH_PATHS = (
					"$(SDKROOT)/Developer/Library/Frameworks",
					"$(inherited)",
					"$(DEVELOPER_FRAMEWORKS_DIR)",
				);
				GCC_PRECOMPILE_PREFIX_HEADER = YES;
				GCC_PREFIX_HEADER = "iosanima/iosanima-Prefix.pch";
				GCC_PREPROCESSOR_DEFINITIONS = (
					"DEBUG=1",
					"$(inherited)",
				);
				INFOPLIST_FILE = "iosanimaTests/iosanimaTests-Info.plist";
				PRODUCT_NAME = "$(TARGET_NAME)";
				TEST_HOST = "$(BUNDLE_LOADER)";
				WRAPPER_EXTENSION = xctest;
			};
			name = Debug;
		};
		AC6F1B9119C287C900B08562 /* Release */ = {
			isa = XCBuildConfiguration;
			buildSettings = {
				BUNDLE_LOADER = "$(BUILT_PRODUCTS_DIR)/iosanima.app/iosanima";
				FRAMEWORK_SEARCH_PATHS = (
					"$(SDKROOT)/Developer/Library/Frameworks",
					"$(inherited)",
					"$(DEVELOPER_FRAMEWORKS_DIR)",
				);
				GCC_PRECOMPILE_PREFIX_HEADER = YES;
				GCC_PREFIX_HEADER = "iosanima/iosanima-Prefix.pch";
				INFOPLIST_FILE = "iosanimaTests/iosanimaTests-Info.plist";
				PRODUCT_NAME = "$(TARGET_NAME)";
				TEST_HOST = "$(BUNDLE_LOADER)";
				WRAPPER_EXTENSION = xctest;
			};
			name = Release;
		};
/* End XCBuildConfiguration section */

/* Begin XCConfigurationList section */
		AC6F1B5519C287C900B08562 /* Build configuration list for PBXProject "iosanima" */ = {
			isa = XCConfigurationList;
			buildConfigurations = (
				AC6F1B8A19C287C900B08562 /* Debug */,
				AC6F1B8B19C287C900B08562 /* Release */,
			);
			defaultConfigurationIsVisible = 0;
			defaultConfigurationName = Release;
		};
		AC6F1B8C19C287C900B08562 /* Build configuration list for PBXNativeTarget "iosanima" */ = {
			isa = XCConfigurationList;
			buildConfigurations = (
				AC6F1B8D19C287C900B08562 /* Debug */,
				AC6F1B8E19C287C900B08562 /* Release */,
			);
			defaultConfigurationIsVisible = 0;
			defaultConfigurationName = Release;
		};
		AC6F1B8F19C287C900B08562 /* Build configuration list for PBXNativeTarget "iosanimaTests" */ = {
			isa = XCConfigurationList;
			buildConfigurations = (
				AC6F1B9019C287C900B08562 /* Debug */,
				AC6F1B9119C287C900B08562 /* Release */,
			);
			defaultConfigurationIsVisible = 0;
			defaultConfigurationName = Release;
		};
/* End XCConfigurationList section */
	};
	rootObject = AC6F1B5219C287C900B08562 /* Project object */;
}
